// !$*UTF8*$!
{
	archiveVersion = 1;
	classes = {
	};
	objectVersion = 60;
	objects = {

/* Begin PBXBuildFile section */
		44194FAF2B7EFE8100CC62E9 /* RealityKitContent in Frameworks */ = {isa = PBXBuildFile; productRef = 44194FAE2B7EFE8100CC62E9 /* RealityKitContent */; };
		44194FB12B7EFE8100CC62E9 /* xeroApp.swift in Sources */ = {isa = PBXBuildFile; fileRef = 44194FB02B7EFE8100CC62E9 /* xeroApp.swift */; };
		44194FB32B7EFE8100CC62E9 /* ContentView.swift in Sources */ = {isa = PBXBuildFile; fileRef = 44194FB22B7EFE8100CC62E9 /* ContentView.swift */; };
		44194FB52B7EFE8100CC62E9 /* ImmersiveView.swift in Sources */ = {isa = PBXBuildFile; fileRef = 44194FB42B7EFE8100CC62E9 /* ImmersiveView.swift */; };
		44194FB72B7EFE8100CC62E9 /* ImageBasedLighting.skybox in Resources */ = {isa = PBXBuildFile; fileRef = 44194FB62B7EFE8100CC62E9 /* ImageBasedLighting.skybox */; };
		44194FB92B7EFE8300CC62E9 /* Assets.xcassets in Resources */ = {isa = PBXBuildFile; fileRef = 44194FB82B7EFE8300CC62E9 /* Assets.xcassets */; };
		44194FBC2B7EFE8300CC62E9 /* Preview Assets.xcassets in Resources */ = {isa = PBXBuildFile; fileRef = 44194FBB2B7EFE8300CC62E9 /* Preview Assets.xcassets */; };
		44194FC72B7EFE8300CC62E9 /* xeroTests.swift in Sources */ = {isa = PBXBuildFile; fileRef = 44194FC62B7EFE8300CC62E9 /* xeroTests.swift */; };
		44CDACD52B88E32900368158 /* Landmark.swift in Sources */ = {isa = PBXBuildFile; fileRef = 44CDACD42B88E32900368158 /* Landmark.swift */; };
		44CDACDA2B88E3FC00368158 /* landmarkData.json in Resources */ = {isa = PBXBuildFile; fileRef = 44CDACD92B88E3FC00368158 /* landmarkData.json */; };
		44CDACDB2B88E3FC00368158 /* landmarkData.json in Resources */ = {isa = PBXBuildFile; fileRef = 44CDACD92B88E3FC00368158 /* landmarkData.json */; };
		44CDACDD2B88E44400368158 /* ModelData.swift in Sources */ = {isa = PBXBuildFile; fileRef = 44CDACDC2B88E44400368158 /* ModelData.swift */; };
		44CDACDE2B88E44400368158 /* ModelData.swift in Sources */ = {isa = PBXBuildFile; fileRef = 44CDACDC2B88E44400368158 /* ModelData.swift */; };
		44CDACE02B88E48100368158 /* Landmark.swift in Sources */ = {isa = PBXBuildFile; fileRef = 44CDACD42B88E32900368158 /* Landmark.swift */; };
		44CDACE32B88E4CC00368158 /* LandmarkRow.swift in Sources */ = {isa = PBXBuildFile; fileRef = 44CDACE22B88E4CC00368158 /* LandmarkRow.swift */; };
		44CDACE42B88E4CC00368158 /* LandmarkRow.swift in Sources */ = {isa = PBXBuildFile; fileRef = 44CDACE22B88E4CC00368158 /* LandmarkRow.swift */; };
		44CDACE62B88E50400368158 /* LandmarkList.swift in Sources */ = {isa = PBXBuildFile; fileRef = 44CDACE52B88E50400368158 /* LandmarkList.swift */; };
		44CDACE72B88E50400368158 /* LandmarkList.swift in Sources */ = {isa = PBXBuildFile; fileRef = 44CDACE52B88E50400368158 /* LandmarkList.swift */; };
		44CDACE92B88E55100368158 /* LandmarkDetail.swift in Sources */ = {isa = PBXBuildFile; fileRef = 44CDACE82B88E55100368158 /* LandmarkDetail.swift */; };
		44CDACEA2B88E55100368158 /* LandmarkDetail.swift in Sources */ = {isa = PBXBuildFile; fileRef = 44CDACE82B88E55100368158 /* LandmarkDetail.swift */; };
		44CDACEC2B88E59F00368158 /* CircleImage.swift in Sources */ = {isa = PBXBuildFile; fileRef = 44CDACEB2B88E59F00368158 /* CircleImage.swift */; };
		44CDACED2B88E59F00368158 /* CircleImage.swift in Sources */ = {isa = PBXBuildFile; fileRef = 44CDACEB2B88E59F00368158 /* CircleImage.swift */; };
		44CDACEF2B88E5D300368158 /* MapView.swift in Sources */ = {isa = PBXBuildFile; fileRef = 44CDACEE2B88E5D300368158 /* MapView.swift */; };
		44CDACF02B88E5D300368158 /* MapView.swift in Sources */ = {isa = PBXBuildFile; fileRef = 44CDACEE2B88E5D300368158 /* MapView.swift */; };
		44EE027C2B88B3F8001B7903 /* UIPractice.swift in Sources */ = {isa = PBXBuildFile; fileRef = 44EE027B2B88B3F8001B7903 /* UIPractice.swift */; };
		44EE027E2B88B8D7001B7903 /* MapKit.swift in Sources */ = {isa = PBXBuildFile; fileRef = 44EE027D2B88B8D7001B7903 /* MapKit.swift */; };
		44F130C02B830BE4006BB1EC /* landingPage.swift in Sources */ = {isa = PBXBuildFile; fileRef = 44F130BF2B830BE4006BB1EC /* landingPage.swift */; };
/* End PBXBuildFile section */

/* Begin PBXContainerItemProxy section */
		44194FC32B7EFE8300CC62E9 /* PBXContainerItemProxy */ = {
			isa = PBXContainerItemProxy;
			containerPortal = 44194FA12B7EFE8100CC62E9 /* Project object */;
			proxyType = 1;
			remoteGlobalIDString = 44194FA82B7EFE8100CC62E9;
			remoteInfo = xero;
		};
/* End PBXContainerItemProxy section */

/* Begin PBXFileReference section */
		44194FA92B7EFE8100CC62E9 /* xero.app */ = {isa = PBXFileReference; explicitFileType = wrapper.application; includeInIndex = 0; path = xero.app; sourceTree = BUILT_PRODUCTS_DIR; };
		44194FAD2B7EFE8100CC62E9 /* RealityKitContent */ = {isa = PBXFileReference; lastKnownFileType = wrapper; path = RealityKitContent; sourceTree = "<group>"; };
		44194FB02B7EFE8100CC62E9 /* xeroApp.swift */ = {isa = PBXFileReference; lastKnownFileType = sourcecode.swift; path = xeroApp.swift; sourceTree = "<group>"; };
		44194FB22B7EFE8100CC62E9 /* ContentView.swift */ = {isa = PBXFileReference; lastKnownFileType = sourcecode.swift; path = ContentView.swift; sourceTree = "<group>"; };
		44194FB42B7EFE8100CC62E9 /* ImmersiveView.swift */ = {isa = PBXFileReference; lastKnownFileType = sourcecode.swift; path = ImmersiveView.swift; sourceTree = "<group>"; };
		44194FB62B7EFE8100CC62E9 /* ImageBasedLighting.skybox */ = {isa = PBXFileReference; lastKnownFileType = file.skybox; path = ImageBasedLighting.skybox; sourceTree = "<group>"; };
		44194FB82B7EFE8300CC62E9 /* Assets.xcassets */ = {isa = PBXFileReference; lastKnownFileType = folder.assetcatalog; path = Assets.xcassets; sourceTree = "<group>"; };
		44194FBB2B7EFE8300CC62E9 /* Preview Assets.xcassets */ = {isa = PBXFileReference; lastKnownFileType = folder.assetcatalog; path = "Preview Assets.xcassets"; sourceTree = "<group>"; };
		44194FBD2B7EFE8300CC62E9 /* Info.plist */ = {isa = PBXFileReference; lastKnownFileType = text.plist.xml; path = Info.plist; sourceTree = "<group>"; };
		44194FC22B7EFE8300CC62E9 /* xeroTests.xctest */ = {isa = PBXFileReference; explicitFileType = wrapper.cfbundle; includeInIndex = 0; path = xeroTests.xctest; sourceTree = BUILT_PRODUCTS_DIR; };
		44194FC62B7EFE8300CC62E9 /* xeroTests.swift */ = {isa = PBXFileReference; lastKnownFileType = sourcecode.swift; path = xeroTests.swift; sourceTree = "<group>"; };
		44CDACD42B88E32900368158 /* Landmark.swift */ = {isa = PBXFileReference; lastKnownFileType = sourcecode.swift; path = Landmark.swift; sourceTree = "<group>"; };
		44CDACD92B88E3FC00368158 /* landmarkData.json */ = {isa = PBXFileReference; fileEncoding = 4; lastKnownFileType = text.json; path = landmarkData.json; sourceTree = "<group>"; };
		44CDACDC2B88E44400368158 /* ModelData.swift */ = {isa = PBXFileReference; lastKnownFileType = sourcecode.swift; path = ModelData.swift; sourceTree = "<group>"; };
		44CDACE22B88E4CC00368158 /* LandmarkRow.swift */ = {isa = PBXFileReference; lastKnownFileType = sourcecode.swift; path = LandmarkRow.swift; sourceTree = "<group>"; };
		44CDACE52B88E50400368158 /* LandmarkList.swift */ = {isa = PBXFileReference; lastKnownFileType = sourcecode.swift; path = LandmarkList.swift; sourceTree = "<group>"; };
		44CDACE82B88E55100368158 /* LandmarkDetail.swift */ = {isa = PBXFileReference; lastKnownFileType = sourcecode.swift; path = LandmarkDetail.swift; sourceTree = "<group>"; };
		44CDACEB2B88E59F00368158 /* CircleImage.swift */ = {isa = PBXFileReference; lastKnownFileType = sourcecode.swift; path = CircleImage.swift; sourceTree = "<group>"; };
		44CDACEE2B88E5D300368158 /* MapView.swift */ = {isa = PBXFileReference; lastKnownFileType = sourcecode.swift; path = MapView.swift; sourceTree = "<group>"; };
		44EE027B2B88B3F8001B7903 /* UIPractice.swift */ = {isa = PBXFileReference; lastKnownFileType = sourcecode.swift; path = UIPractice.swift; sourceTree = "<group>"; };
		44EE027D2B88B8D7001B7903 /* MapKit.swift */ = {isa = PBXFileReference; lastKnownFileType = sourcecode.swift; path = MapKit.swift; sourceTree = "<group>"; };
		44F130BF2B830BE4006BB1EC /* landingPage.swift */ = {isa = PBXFileReference; lastKnownFileType = sourcecode.swift; path = landingPage.swift; sourceTree = "<group>"; };
/* End PBXFileReference section */

/* Begin PBXFrameworksBuildPhase section */
		44194FA62B7EFE8100CC62E9 /* Frameworks */ = {
			isa = PBXFrameworksBuildPhase;
			buildActionMask = 2147483647;
			files = (
				44194FAF2B7EFE8100CC62E9 /* RealityKitContent in Frameworks */,
			);
			runOnlyForDeploymentPostprocessing = 0;
		};
		44194FBF2B7EFE8300CC62E9 /* Frameworks */ = {
			isa = PBXFrameworksBuildPhase;
			buildActionMask = 2147483647;
			files = (
			);
			runOnlyForDeploymentPostprocessing = 0;
		};
/* End PBXFrameworksBuildPhase section */

/* Begin PBXGroup section */
		44194FA02B7EFE8100CC62E9 = {
			isa = PBXGroup;
			children = (
				44194FAB2B7EFE8100CC62E9 /* xero */,
				44194FAC2B7EFE8100CC62E9 /* Packages */,
				44194FC52B7EFE8300CC62E9 /* xeroTests */,
				44194FAA2B7EFE8100CC62E9 /* Products */,
			);
			sourceTree = "<group>";
		};
		44194FAA2B7EFE8100CC62E9 /* Products */ = {
			isa = PBXGroup;
			children = (
				44194FA92B7EFE8100CC62E9 /* xero.app */,
				44194FC22B7EFE8300CC62E9 /* xeroTests.xctest */,
			);
			name = Products;
			sourceTree = "<group>";
		};
		44194FAB2B7EFE8100CC62E9 /* xero */ = {
			isa = PBXGroup;
			children = (
				44194FB02B7EFE8100CC62E9 /* xeroApp.swift */,
				44194FB22B7EFE8100CC62E9 /* ContentView.swift */,
				44EE027B2B88B3F8001B7903 /* UIPractice.swift */,
				44CDACDF2B88E47500368158 /* Model */,
				44CDACE12B88E48E00368158 /* Resources */,
				44EE027D2B88B8D7001B7903 /* MapKit.swift */,
				44194FB42B7EFE8100CC62E9 /* ImmersiveView.swift */,
				44F130BF2B830BE4006BB1EC /* landingPage.swift */,
				44194FB62B7EFE8100CC62E9 /* ImageBasedLighting.skybox */,
				44194FB82B7EFE8300CC62E9 /* Assets.xcassets */,
				44194FBD2B7EFE8300CC62E9 /* Info.plist */,
				44194FBA2B7EFE8300CC62E9 /* Preview Content */,
			);
			path = xero;
			sourceTree = "<group>";
		};
		44194FAC2B7EFE8100CC62E9 /* Packages */ = {
			isa = PBXGroup;
			children = (
				44194FAD2B7EFE8100CC62E9 /* RealityKitContent */,
			);
			path = Packages;
			sourceTree = "<group>";
		};
		44194FBA2B7EFE8300CC62E9 /* Preview Content */ = {
			isa = PBXGroup;
			children = (
				44194FBB2B7EFE8300CC62E9 /* Preview Assets.xcassets */,
			);
			path = "Preview Content";
			sourceTree = "<group>";
		};
		44194FC52B7EFE8300CC62E9 /* xeroTests */ = {
			isa = PBXGroup;
			children = (
				44194FC62B7EFE8300CC62E9 /* xeroTests.swift */,
			);
			path = xeroTests;
			sourceTree = "<group>";
		};
		44CDACDF2B88E47500368158 /* Model */ = {
			isa = PBXGroup;
			children = (
				44CDACD42B88E32900368158 /* Landmark.swift */,
				44CDACDC2B88E44400368158 /* ModelData.swift */,
				44CDACE22B88E4CC00368158 /* LandmarkRow.swift */,
				44CDACE52B88E50400368158 /* LandmarkList.swift */,
				44CDACEB2B88E59F00368158 /* CircleImage.swift */,
				44CDACEE2B88E5D300368158 /* MapView.swift */,
				44CDACE82B88E55100368158 /* LandmarkDetail.swift */,
			);
			path = Model;
			sourceTree = "<group>";
		};
		44CDACE12B88E48E00368158 /* Resources */ = {
			isa = PBXGroup;
			children = (
				44CDACD92B88E3FC00368158 /* landmarkData.json */,
			);
			path = Resources;
			sourceTree = "<group>";
		};
/* End PBXGroup section */

/* Begin PBXNativeTarget section */
		44194FA82B7EFE8100CC62E9 /* xero */ = {
			isa = PBXNativeTarget;
			buildConfigurationList = 44194FCA2B7EFE8300CC62E9 /* Build configuration list for PBXNativeTarget "xero" */;
			buildPhases = (
				44194FA52B7EFE8100CC62E9 /* Sources */,
				44194FA62B7EFE8100CC62E9 /* Frameworks */,
				44194FA72B7EFE8100CC62E9 /* Resources */,
			);
			buildRules = (
			);
			dependencies = (
			);
			name = xero;
			packageProductDependencies = (
				44194FAE2B7EFE8100CC62E9 /* RealityKitContent */,
			);
			productName = xero;
			productReference = 44194FA92B7EFE8100CC62E9 /* xero.app */;
			productType = "com.apple.product-type.application";
		};
		44194FC12B7EFE8300CC62E9 /* xeroTests */ = {
			isa = PBXNativeTarget;
			buildConfigurationList = 44194FCD2B7EFE8300CC62E9 /* Build configuration list for PBXNativeTarget "xeroTests" */;
			buildPhases = (
				44194FBE2B7EFE8300CC62E9 /* Sources */,
				44194FBF2B7EFE8300CC62E9 /* Frameworks */,
				44194FC02B7EFE8300CC62E9 /* Resources */,
			);
			buildRules = (
			);
			dependencies = (
				44194FC42B7EFE8300CC62E9 /* PBXTargetDependency */,
			);
			name = xeroTests;
			productName = xeroTests;
			productReference = 44194FC22B7EFE8300CC62E9 /* xeroTests.xctest */;
			productType = "com.apple.product-type.bundle.unit-test";
		};
/* End PBXNativeTarget section */

/* Begin PBXProject section */
		44194FA12B7EFE8100CC62E9 /* Project object */ = {
			isa = PBXProject;
			attributes = {
				BuildIndependentTargetsInParallel = 1;
				LastSwiftUpdateCheck = 1530;
				LastUpgradeCheck = 1530;
				TargetAttributes = {
					44194FA82B7EFE8100CC62E9 = {
						CreatedOnToolsVersion = 15.3;
					};
					44194FC12B7EFE8300CC62E9 = {
						CreatedOnToolsVersion = 15.3;
						TestTargetID = 44194FA82B7EFE8100CC62E9;
					};
				};
			};
			buildConfigurationList = 44194FA42B7EFE8100CC62E9 /* Build configuration list for PBXProject "xero" */;
			compatibilityVersion = "Xcode 14.0";
			developmentRegion = en;
			hasScannedForEncodings = 0;
			knownRegions = (
				en,
				Base,
			);
			mainGroup = 44194FA02B7EFE8100CC62E9;
			packageReferences = (
				44EE03422B88E07B001B7903 /* XCLocalSwiftPackageReference "Packages/RealityKitContent" */,
			);
			productRefGroup = 44194FAA2B7EFE8100CC62E9 /* Products */;
			projectDirPath = "";
			projectRoot = "";
			targets = (
				44194FA82B7EFE8100CC62E9 /* xero */,
				44194FC12B7EFE8300CC62E9 /* xeroTests */,
			);
		};
/* End PBXProject section */

/* Begin PBXResourcesBuildPhase section */
		44194FA72B7EFE8100CC62E9 /* Resources */ = {
			isa = PBXResourcesBuildPhase;
			buildActionMask = 2147483647;
			files = (
				44194FB92B7EFE8300CC62E9 /* Assets.xcassets in Resources */,
				44CDACDA2B88E3FC00368158 /* landmarkData.json in Resources */,
				44194FBC2B7EFE8300CC62E9 /* Preview Assets.xcassets in Resources */,
				44194FB72B7EFE8100CC62E9 /* ImageBasedLighting.skybox in Resources */,
			);
			runOnlyForDeploymentPostprocessing = 0;
		};
		44194FC02B7EFE8300CC62E9 /* Resources */ = {
			isa = PBXResourcesBuildPhase;
			buildActionMask = 2147483647;
			files = (
				44CDACDB2B88E3FC00368158 /* landmarkData.json in Resources */,
			);
			runOnlyForDeploymentPostprocessing = 0;
		};
/* End PBXResourcesBuildPhase section */

/* Begin PBXSourcesBuildPhase section */
		44194FA52B7EFE8100CC62E9 /* Sources */ = {
			isa = PBXSourcesBuildPhase;
			buildActionMask = 2147483647;
			files = (
				44CDACD52B88E32900368158 /* Landmark.swift in Sources */,
				44EE027C2B88B3F8001B7903 /* UIPractice.swift in Sources */,
				44194FB32B7EFE8100CC62E9 /* ContentView.swift in Sources */,
				44194FB12B7EFE8100CC62E9 /* xeroApp.swift in Sources */,
				44CDACEF2B88E5D300368158 /* MapView.swift in Sources */,
				44F130C02B830BE4006BB1EC /* landingPage.swift in Sources */,
				44CDACEC2B88E59F00368158 /* CircleImage.swift in Sources */,
				44CDACDD2B88E44400368158 /* ModelData.swift in Sources */,
				44194FB52B7EFE8100CC62E9 /* ImmersiveView.swift in Sources */,
				44EE027E2B88B8D7001B7903 /* MapKit.swift in Sources */,
				44CDACE32B88E4CC00368158 /* LandmarkRow.swift in Sources */,
				44CDACE62B88E50400368158 /* LandmarkList.swift in Sources */,
				44CDACE92B88E55100368158 /* LandmarkDetail.swift in Sources */,
			);
			runOnlyForDeploymentPostprocessing = 0;
		};
		44194FBE2B7EFE8300CC62E9 /* Sources */ = {
			isa = PBXSourcesBuildPhase;
			buildActionMask = 2147483647;
			files = (
				44194FC72B7EFE8300CC62E9 /* xeroTests.swift in Sources */,
				44CDACF02B88E5D300368158 /* MapView.swift in Sources */,
				44CDACDE2B88E44400368158 /* ModelData.swift in Sources */,
				44CDACE42B88E4CC00368158 /* LandmarkRow.swift in Sources */,
				44CDACED2B88E59F00368158 /* CircleImage.swift in Sources */,
				44CDACE02B88E48100368158 /* Landmark.swift in Sources */,
				44CDACEA2B88E55100368158 /* LandmarkDetail.swift in Sources */,
				44CDACE72B88E50400368158 /* LandmarkList.swift in Sources */,
			);
			runOnlyForDeploymentPostprocessing = 0;
		};
/* End PBXSourcesBuildPhase section */

/* Begin PBXTargetDependency section */
		44194FC42B7EFE8300CC62E9 /* PBXTargetDependency */ = {
			isa = PBXTargetDependency;
			target = 44194FA82B7EFE8100CC62E9 /* xero */;
			targetProxy = 44194FC32B7EFE8300CC62E9 /* PBXContainerItemProxy */;
		};
/* End PBXTargetDependency section */

/* Begin XCBuildConfiguration section */
		44194FC82B7EFE8300CC62E9 /* Debug */ = {
			isa = XCBuildConfiguration;
			buildSettings = {
				ALWAYS_SEARCH_USER_PATHS = NO;
				ASSETCATALOG_COMPILER_GENERATE_SWIFT_ASSET_SYMBOL_EXTENSIONS = YES;
				CLANG_ANALYZER_NONNULL = YES;
				CLANG_ANALYZER_NUMBER_OBJECT_CONVERSION = YES_AGGRESSIVE;
				CLANG_CXX_LANGUAGE_STANDARD = "gnu++20";
				CLANG_ENABLE_MODULES = YES;
				CLANG_ENABLE_OBJC_ARC = YES;
				CLANG_ENABLE_OBJC_WEAK = YES;
				CLANG_WARN_BLOCK_CAPTURE_AUTORELEASING = YES;
				CLANG_WARN_BOOL_CONVERSION = YES;
				CLANG_WARN_COMMA = YES;
				CLANG_WARN_CONSTANT_CONVERSION = YES;
				CLANG_WARN_DEPRECATED_OBJC_IMPLEMENTATIONS = YES;
				CLANG_WARN_DIRECT_OBJC_ISA_USAGE = YES_ERROR;
				CLANG_WARN_DOCUMENTATION_COMMENTS = YES;
				CLANG_WARN_EMPTY_BODY = YES;
				CLANG_WARN_ENUM_CONVERSION = YES;
				CLANG_WARN_INFINITE_RECURSION = YES;
				CLANG_WARN_INT_CONVERSION = YES;
				CLANG_WARN_NON_LITERAL_NULL_CONVERSION = YES;
				CLANG_WARN_OBJC_IMPLICIT_RETAIN_SELF = YES;
				CLANG_WARN_OBJC_LITERAL_CONVERSION = YES;
				CLANG_WARN_OBJC_ROOT_CLASS = YES_ERROR;
				CLANG_WARN_QUOTED_INCLUDE_IN_FRAMEWORK_HEADER = YES;
				CLANG_WARN_RANGE_LOOP_ANALYSIS = YES;
				CLANG_WARN_STRICT_PROTOTYPES = YES;
				CLANG_WARN_SUSPICIOUS_MOVE = YES;
				CLANG_WARN_UNGUARDED_AVAILABILITY = YES_AGGRESSIVE;
				CLANG_WARN_UNREACHABLE_CODE = YES;
				CLANG_WARN__DUPLICATE_METHOD_MATCH = YES;
				COPY_PHASE_STRIP = NO;
				DEBUG_INFORMATION_FORMAT = dwarf;
				ENABLE_STRICT_OBJC_MSGSEND = YES;
				ENABLE_TESTABILITY = YES;
				ENABLE_USER_SCRIPT_SANDBOXING = YES;
				GCC_C_LANGUAGE_STANDARD = gnu17;
				GCC_DYNAMIC_NO_PIC = NO;
				GCC_NO_COMMON_BLOCKS = YES;
				GCC_OPTIMIZATION_LEVEL = 0;
				GCC_PREPROCESSOR_DEFINITIONS = (
					"DEBUG=1",
					"$(inherited)",
				);
				GCC_WARN_64_TO_32_BIT_CONVERSION = YES;
				GCC_WARN_ABOUT_RETURN_TYPE = YES_ERROR;
				GCC_WARN_UNDECLARED_SELECTOR = YES;
				GCC_WARN_UNINITIALIZED_AUTOS = YES_AGGRESSIVE;
				GCC_WARN_UNUSED_FUNCTION = YES;
				GCC_WARN_UNUSED_VARIABLE = YES;
				LOCALIZATION_PREFERS_STRING_CATALOGS = YES;
				MTL_ENABLE_DEBUG_INFO = INCLUDE_SOURCE;
				MTL_FAST_MATH = YES;
				ONLY_ACTIVE_ARCH = YES;
				SDKROOT = xros;
				SWIFT_ACTIVE_COMPILATION_CONDITIONS = "DEBUG $(inherited)";
				SWIFT_OPTIMIZATION_LEVEL = "-Onone";
				XROS_DEPLOYMENT_TARGET = 1.1;
			};
			name = Debug;
		};
		44194FC92B7EFE8300CC62E9 /* Release */ = {
			isa = XCBuildConfiguration;
			buildSettings = {
				ALWAYS_SEARCH_USER_PATHS = NO;
				ASSETCATALOG_COMPILER_GENERATE_SWIFT_ASSET_SYMBOL_EXTENSIONS = YES;
				CLANG_ANALYZER_NONNULL = YES;
				CLANG_ANALYZER_NUMBER_OBJECT_CONVERSION = YES_AGGRESSIVE;
				CLANG_CXX_LANGUAGE_STANDARD = "gnu++20";
				CLANG_ENABLE_MODULES = YES;
				CLANG_ENABLE_OBJC_ARC = YES;
				CLANG_ENABLE_OBJC_WEAK = YES;
				CLANG_WARN_BLOCK_CAPTURE_AUTORELEASING = YES;
				CLANG_WARN_BOOL_CONVERSION = YES;
				CLANG_WARN_COMMA = YES;
				CLANG_WARN_CONSTANT_CONVERSION = YES;
				CLANG_WARN_DEPRECATED_OBJC_IMPLEMENTATIONS = YES;
				CLANG_WARN_DIRECT_OBJC_ISA_USAGE = YES_ERROR;
				CLANG_WARN_DOCUMENTATION_COMMENTS = YES;
				CLANG_WARN_EMPTY_BODY = YES;
				CLANG_WARN_ENUM_CONVERSION = YES;
				CLANG_WARN_INFINITE_RECURSION = YES;
				CLANG_WARN_INT_CONVERSION = YES;
				CLANG_WARN_NON_LITERAL_NULL_CONVERSION = YES;
				CLANG_WARN_OBJC_IMPLICIT_RETAIN_SELF = YES;
				CLANG_WARN_OBJC_LITERAL_CONVERSION = YES;
				CLANG_WARN_OBJC_ROOT_CLASS = YES_ERROR;
				CLANG_WARN_QUOTED_INCLUDE_IN_FRAMEWORK_HEADER = YES;
				CLANG_WARN_RANGE_LOOP_ANALYSIS = YES;
				CLANG_WARN_STRICT_PROTOTYPES = YES;
				CLANG_WARN_SUSPICIOUS_MOVE = YES;
				CLANG_WARN_UNGUARDED_AVAILABILITY = YES_AGGRESSIVE;
				CLANG_WARN_UNREACHABLE_CODE = YES;
				CLANG_WARN__DUPLICATE_METHOD_MATCH = YES;
				COPY_PHASE_STRIP = NO;
				DEBUG_INFORMATION_FORMAT = "dwarf-with-dsym";
				ENABLE_NS_ASSERTIONS = NO;
				ENABLE_STRICT_OBJC_MSGSEND = YES;
				ENABLE_USER_SCRIPT_SANDBOXING = YES;
				GCC_C_LANGUAGE_STANDARD = gnu17;
				GCC_NO_COMMON_BLOCKS = YES;
				GCC_WARN_64_TO_32_BIT_CONVERSION = YES;
				GCC_WARN_ABOUT_RETURN_TYPE = YES_ERROR;
				GCC_WARN_UNDECLARED_SELECTOR = YES;
				GCC_WARN_UNINITIALIZED_AUTOS = YES_AGGRESSIVE;
				GCC_WARN_UNUSED_FUNCTION = YES;
				GCC_WARN_UNUSED_VARIABLE = YES;
				LOCALIZATION_PREFERS_STRING_CATALOGS = YES;
				MTL_ENABLE_DEBUG_INFO = NO;
				MTL_FAST_MATH = YES;
				SDKROOT = xros;
				SWIFT_COMPILATION_MODE = wholemodule;
				VALIDATE_PRODUCT = YES;
				XROS_DEPLOYMENT_TARGET = 1.1;
			};
			name = Release;
		};
		44194FCB2B7EFE8300CC62E9 /* Debug */ = {
			isa = XCBuildConfiguration;
			buildSettings = {
				ASSETCATALOG_COMPILER_APPICON_NAME = AppIcon;
				ASSETCATALOG_COMPILER_GLOBAL_ACCENT_COLOR_NAME = AccentColor;
				CODE_SIGN_STYLE = Automatic;
				CURRENT_PROJECT_VERSION = 1;
				DEVELOPMENT_ASSET_PATHS = "\"xero/Preview Content\"";
				ENABLE_PREVIEWS = YES;
				GENERATE_INFOPLIST_FILE = YES;
				INFOPLIST_FILE = "$(TARGET_NAME)/Info.plist";
				LD_RUNPATH_SEARCH_PATHS = (
					"$(inherited)",
					"@executable_path/Frameworks",
				);
				MARKETING_VERSION = 1.0;
				PRODUCT_BUNDLE_IDENTIFIER = asu.xero;
				PRODUCT_NAME = "$(TARGET_NAME)";
				SUPPORTED_PLATFORMS = "xros xrsimulator";
				SWIFT_EMIT_LOC_STRINGS = YES;
				SWIFT_VERSION = 5.0;
				TARGETED_DEVICE_FAMILY = "1,2,7";
			};
			name = Debug;
		};
		44194FCC2B7EFE8300CC62E9 /* Release */ = {
			isa = XCBuildConfiguration;
			buildSettings = {
				ASSETCATALOG_COMPILER_APPICON_NAME = AppIcon;
				ASSETCATALOG_COMPILER_GLOBAL_ACCENT_COLOR_NAME = AccentColor;
				CODE_SIGN_STYLE = Automatic;
				CURRENT_PROJECT_VERSION = 1;
				DEVELOPMENT_ASSET_PATHS = "\"xero/Preview Content\"";
				ENABLE_PREVIEWS = YES;
				GENERATE_INFOPLIST_FILE = YES;
				INFOPLIST_FILE = "$(TARGET_NAME)/Info.plist";
				LD_RUNPATH_SEARCH_PATHS = (
					"$(inherited)",
					"@executable_path/Frameworks",
				);
				MARKETING_VERSION = 1.0;
				PRODUCT_BUNDLE_IDENTIFIER = asu.xero;
				PRODUCT_NAME = "$(TARGET_NAME)";
				SUPPORTED_PLATFORMS = "xros xrsimulator";
				SWIFT_EMIT_LOC_STRINGS = YES;
				SWIFT_VERSION = 5.0;
				TARGETED_DEVICE_FAMILY = "1,2,7";
			};
			name = Release;
		};
		44194FCE2B7EFE8300CC62E9 /* Debug */ = {
			isa = XCBuildConfiguration;
			buildSettings = {
				ALWAYS_EMBED_SWIFT_STANDARD_LIBRARIES = YES;
				BUNDLE_LOADER = "$(TEST_HOST)";
				CODE_SIGN_STYLE = Automatic;
				CURRENT_PROJECT_VERSION = 1;
				GENERATE_INFOPLIST_FILE = YES;
				MARKETING_VERSION = 1.0;
				PRODUCT_BUNDLE_IDENTIFIER = asu.xeroTests;
				PRODUCT_NAME = "$(TARGET_NAME)";
				SUPPORTED_PLATFORMS = "xros xrsimulator";
				SWIFT_EMIT_LOC_STRINGS = NO;
				SWIFT_VERSION = 5.0;
				TARGETED_DEVICE_FAMILY = "1,2,7";
				TEST_HOST = "$(BUILT_PRODUCTS_DIR)/xero.app/$(BUNDLE_EXECUTABLE_FOLDER_PATH)/xero";
				XROS_DEPLOYMENT_TARGET = 1.1;
			};
			name = Debug;
		};
		44194FCF2B7EFE8300CC62E9 /* Release */ = {
			isa = XCBuildConfiguration;
			buildSettings = {
				ALWAYS_EMBED_SWIFT_STANDARD_LIBRARIES = YES;
				BUNDLE_LOADER = "$(TEST_HOST)";
				CODE_SIGN_STYLE = Automatic;
				CURRENT_PROJECT_VERSION = 1;
				GENERATE_INFOPLIST_FILE = YES;
				MARKETING_VERSION = 1.0;
				PRODUCT_BUNDLE_IDENTIFIER = asu.xeroTests;
				PRODUCT_NAME = "$(TARGET_NAME)";
				SUPPORTED_PLATFORMS = "xros xrsimulator";
				SWIFT_EMIT_LOC_STRINGS = NO;
				SWIFT_VERSION = 5.0;
				TARGETED_DEVICE_FAMILY = "1,2,7";
				TEST_HOST = "$(BUILT_PRODUCTS_DIR)/xero.app/$(BUNDLE_EXECUTABLE_FOLDER_PATH)/xero";
				XROS_DEPLOYMENT_TARGET = 1.1;
			};
			name = Release;
		};
/* End XCBuildConfiguration section */

/* Begin XCConfigurationList section */
		44194FA42B7EFE8100CC62E9 /* Build configuration list for PBXProject "xero" */ = {
			isa = XCConfigurationList;
			buildConfigurations = (
				44194FC82B7EFE8300CC62E9 /* Debug */,
				44194FC92B7EFE8300CC62E9 /* Release */,
			);
			defaultConfigurationIsVisible = 0;
			defaultConfigurationName = Release;
		};
		44194FCA2B7EFE8300CC62E9 /* Build configuration list for PBXNativeTarget "xero" */ = {
			isa = XCConfigurationList;
			buildConfigurations = (
				44194FCB2B7EFE8300CC62E9 /* Debug */,
				44194FCC2B7EFE8300CC62E9 /* Release */,
			);
			defaultConfigurationIsVisible = 0;
			defaultConfigurationName = Release;
		};
		44194FCD2B7EFE8300CC62E9 /* Build configuration list for PBXNativeTarget "xeroTests" */ = {
			isa = XCConfigurationList;
			buildConfigurations = (
				44194FCE2B7EFE8300CC62E9 /* Debug */,
				44194FCF2B7EFE8300CC62E9 /* Release */,
			);
			defaultConfigurationIsVisible = 0;
			defaultConfigurationName = Release;
		};
/* End XCConfigurationList section */

/* Begin XCLocalSwiftPackageReference section */
		44EE03422B88E07B001B7903 /* XCLocalSwiftPackageReference "Packages/RealityKitContent" */ = {
			isa = XCLocalSwiftPackageReference;
			relativePath = Packages/RealityKitContent;
		};
/* End XCLocalSwiftPackageReference section */

/* Begin XCSwiftPackageProductDependency section */
		44194FAE2B7EFE8100CC62E9 /* RealityKitContent */ = {
			isa = XCSwiftPackageProductDependency;
			productName = RealityKitContent;
		};
/* End XCSwiftPackageProductDependency section */
	};
	rootObject = 44194FA12B7EFE8100CC62E9 /* Project object */;
}
